// !$*UTF8*$!
{
	archiveVersion = 1;
	classes = {
	};
	objectVersion = 50;
	objects = {

/* Begin PBXBuildFile section */
		C264B29F259D777200C6430B /* codeTutorials_watchOS_timerBasics WatchKit App.app in Embed Watch Content */ = {isa = PBXBuildFile; fileRef = C264B29E259D777200C6430B /* codeTutorials_watchOS_timerBasics WatchKit App.app */; settings = {ATTRIBUTES = (RemoveHeadersOnCopy, ); }; };
		C264B2A4259D777300C6430B /* Assets.xcassets in Resources */ = {isa = PBXBuildFile; fileRef = C264B2A3259D777300C6430B /* Assets.xcassets */; };
		C264B2AB259D777300C6430B /* codeTutorials_watchOS_timerBasics WatchKit Extension.appex in Embed App Extensions */ = {isa = PBXBuildFile; fileRef = C264B2AA259D777300C6430B /* codeTutorials_watchOS_timerBasics WatchKit Extension.appex */; settings = {ATTRIBUTES = (RemoveHeadersOnCopy, ); }; };
		C264B2B0259D777300C6430B /* codeTutorials_watchOS_timerBasicsApp.swift in Sources */ = {isa = PBXBuildFile; fileRef = C264B2AF259D777300C6430B /* codeTutorials_watchOS_timerBasicsApp.swift */; };
		C264B2B2259D777300C6430B /* ContentView.swift in Sources */ = {isa = PBXBuildFile; fileRef = C264B2B1259D777300C6430B /* ContentView.swift */; };
		C264B2B4259D777300C6430B /* NotificationController.swift in Sources */ = {isa = PBXBuildFile; fileRef = C264B2B3259D777300C6430B /* NotificationController.swift */; };
		C264B2B6259D777300C6430B /* NotificationView.swift in Sources */ = {isa = PBXBuildFile; fileRef = C264B2B5259D777300C6430B /* NotificationView.swift */; };
		C264B2B8259D777300C6430B /* ComplicationController.swift in Sources */ = {isa = PBXBuildFile; fileRef = C264B2B7259D777300C6430B /* ComplicationController.swift */; };
		C264B2BA259D777400C6430B /* Assets.xcassets in Resources */ = {isa = PBXBuildFile; fileRef = C264B2B9259D777400C6430B /* Assets.xcassets */; };
		C264B2BD259D777400C6430B /* Preview Assets.xcassets in Resources */ = {isa = PBXBuildFile; fileRef = C264B2BC259D777400C6430B /* Preview Assets.xcassets */; };
/* End PBXBuildFile section */

/* Begin PBXContainerItemProxy section */
		C264B2A0259D777200C6430B /* PBXContainerItemProxy */ = {
			isa = PBXContainerItemProxy;
			containerPortal = C264B294259D777200C6430B /* Project object */;
			proxyType = 1;
			remoteGlobalIDString = C264B29D259D777200C6430B;
			remoteInfo = "codeTutorials_watchOS_timerBasics WatchKit App";
		};
		C264B2AC259D777300C6430B /* PBXContainerItemProxy */ = {
			isa = PBXContainerItemProxy;
			containerPortal = C264B294259D777200C6430B /* Project object */;
			proxyType = 1;
			remoteGlobalIDString = C264B2A9259D777300C6430B;
			remoteInfo = "codeTutorials_watchOS_timerBasics WatchKit Extension";
		};
/* End PBXContainerItemProxy section */

/* Begin PBXCopyFilesBuildPhase section */
		C264B2C5259D777400C6430B /* Embed App Extensions */ = {
			isa = PBXCopyFilesBuildPhase;
			buildActionMask = 2147483647;
			dstPath = "";
			dstSubfolderSpec = 13;
			files = (
				C264B2AB259D777300C6430B /* codeTutorials_watchOS_timerBasics WatchKit Extension.appex in Embed App Extensions */,
			);
			name = "Embed App Extensions";
			runOnlyForDeploymentPostprocessing = 0;
		};
		C264B2C9259D777400C6430B /* Embed Watch Content */ = {
			isa = PBXCopyFilesBuildPhase;
			buildActionMask = 2147483647;
			dstPath = "$(CONTENTS_FOLDER_PATH)/Watch";
			dstSubfolderSpec = 16;
			files = (
				C264B29F259D777200C6430B /* codeTutorials_watchOS_timerBasics WatchKit App.app in Embed Watch Content */,
			);
			name = "Embed Watch Content";
			runOnlyForDeploymentPostprocessing = 0;
		};
/* End PBXCopyFilesBuildPhase section */

/* Begin PBXFileReference section */
		C264B29A259D777200C6430B /* codeTutorials_watchOS_timerBasics.app */ = {isa = PBXFileReference; explicitFileType = wrapper.application; includeInIndex = 0; path = codeTutorials_watchOS_timerBasics.app; sourceTree = BUILT_PRODUCTS_DIR; };
		C264B29E259D777200C6430B /* codeTutorials_watchOS_timerBasics WatchKit App.app */ = {isa = PBXFileReference; explicitFileType = wrapper.application; includeInIndex = 0; path = "codeTutorials_watchOS_timerBasics WatchKit App.app"; sourceTree = BUILT_PRODUCTS_DIR; };
		C264B2A3259D777300C6430B /* Assets.xcassets */ = {isa = PBXFileReference; lastKnownFileType = folder.assetcatalog; path = Assets.xcassets; sourceTree = "<group>"; };
		C264B2A5259D777300C6430B /* Info.plist */ = {isa = PBXFileReference; lastKnownFileType = text.plist.xml; path = Info.plist; sourceTree = "<group>"; };
		C264B2AA259D777300C6430B /* codeTutorials_watchOS_timerBasics WatchKit Extension.appex */ = {isa = PBXFileReference; explicitFileType = "wrapper.app-extension"; includeInIndex = 0; path = "codeTutorials_watchOS_timerBasics WatchKit Extension.appex"; sourceTree = BUILT_PRODUCTS_DIR; };
		C264B2AF259D777300C6430B /* codeTutorials_watchOS_timerBasicsApp.swift */ = {isa = PBXFileReference; lastKnownFileType = sourcecode.swift; path = codeTutorials_watchOS_timerBasicsApp.swift; sourceTree = "<group>"; };
		C264B2B1259D777300C6430B /* ContentView.swift */ = {isa = PBXFileReference; lastKnownFileType = sourcecode.swift; path = ContentView.swift; sourceTree = "<group>"; };
		C264B2B3259D777300C6430B /* NotificationController.swift */ = {isa = PBXFileReference; lastKnownFileType = sourcecode.swift; path = NotificationController.swift; sourceTree = "<group>"; };
		C264B2B5259D777300C6430B /* NotificationView.swift */ = {isa = PBXFileReference; lastKnownFileType = sourcecode.swift; path = NotificationView.swift; sourceTree = "<group>"; };
		C264B2B7259D777300C6430B /* ComplicationController.swift */ = {isa = PBXFileReference; lastKnownFileType = sourcecode.swift; path = ComplicationController.swift; sourceTree = "<group>"; };
		C264B2B9259D777400C6430B /* Assets.xcassets */ = {isa = PBXFileReference; lastKnownFileType = folder.assetcatalog; path = Assets.xcassets; sourceTree = "<group>"; };
		C264B2BC259D777400C6430B /* Preview Assets.xcassets */ = {isa = PBXFileReference; lastKnownFileType = folder.assetcatalog; path = "Preview Assets.xcassets"; sourceTree = "<group>"; };
		C264B2BE259D777400C6430B /* Info.plist */ = {isa = PBXFileReference; lastKnownFileType = text.plist.xml; path = Info.plist; sourceTree = "<group>"; };
		C264B2BF259D777400C6430B /* PushNotificationPayload.apns */ = {isa = PBXFileReference; lastKnownFileType = text; path = PushNotificationPayload.apns; sourceTree = "<group>"; };
/* End PBXFileReference section */

/* Begin PBXFrameworksBuildPhase section */
		C264B2A7259D777300C6430B /* Frameworks */ = {
			isa = PBXFrameworksBuildPhase;
			buildActionMask = 2147483647;
			files = (
			);
			runOnlyForDeploymentPostprocessing = 0;
		};
/* End PBXFrameworksBuildPhase section */

/* Begin PBXGroup section */
		C264B293259D777200C6430B = {
			isa = PBXGroup;
			children = (
				C264B2A2259D777200C6430B /* codeTutorials_watchOS_timerBasics WatchKit App */,
				C264B2AE259D777300C6430B /* codeTutorials_watchOS_timerBasics WatchKit Extension */,
				C264B29B259D777200C6430B /* Products */,
			);
			sourceTree = "<group>";
		};
		C264B29B259D777200C6430B /* Products */ = {
			isa = PBXGroup;
			children = (
				C264B29A259D777200C6430B /* codeTutorials_watchOS_timerBasics.app */,
				C264B29E259D777200C6430B /* codeTutorials_watchOS_timerBasics WatchKit App.app */,
				C264B2AA259D777300C6430B /* codeTutorials_watchOS_timerBasics WatchKit Extension.appex */,
			);
			name = Products;
			sourceTree = "<group>";
		};
		C264B2A2259D777200C6430B /* codeTutorials_watchOS_timerBasics WatchKit App */ = {
			isa = PBXGroup;
			children = (
				C264B2A3259D777300C6430B /* Assets.xcassets */,
				C264B2A5259D777300C6430B /* Info.plist */,
			);
			path = "codeTutorials_watchOS_timerBasics WatchKit App";
			sourceTree = "<group>";
		};
		C264B2AE259D777300C6430B /* codeTutorials_watchOS_timerBasics WatchKit Extension */ = {
			isa = PBXGroup;
			children = (
				C264B2AF259D777300C6430B /* codeTutorials_watchOS_timerBasicsApp.swift */,
				C264B2B1259D777300C6430B /* ContentView.swift */,
				C264B2B3259D777300C6430B /* NotificationController.swift */,
				C264B2B5259D777300C6430B /* NotificationView.swift */,
				C264B2B7259D777300C6430B /* ComplicationController.swift */,
				C264B2B9259D777400C6430B /* Assets.xcassets */,
				C264B2BE259D777400C6430B /* Info.plist */,
				C264B2BF259D777400C6430B /* PushNotificationPayload.apns */,
				C264B2BB259D777400C6430B /* Preview Content */,
			);
			path = "codeTutorials_watchOS_timerBasics WatchKit Extension";
			sourceTree = "<group>";
		};
		C264B2BB259D777400C6430B /* Preview Content */ = {
			isa = PBXGroup;
			children = (
				C264B2BC259D777400C6430B /* Preview Assets.xcassets */,
			);
			path = "Preview Content";
			sourceTree = "<group>";
		};
/* End PBXGroup section */

/* Begin PBXNativeTarget section */
		C264B299259D777200C6430B /* codeTutorials_watchOS_timerBasics */ = {
			isa = PBXNativeTarget;
			buildConfigurationList = C264B2CA259D777400C6430B /* Build configuration list for PBXNativeTarget "codeTutorials_watchOS_timerBasics" */;
			buildPhases = (
				C264B298259D777200C6430B /* Resources */,
				C264B2C9259D777400C6430B /* Embed Watch Content */,
			);
			buildRules = (
			);
			dependencies = (
				C264B2A1259D777200C6430B /* PBXTargetDependency */,
			);
			name = codeTutorials_watchOS_timerBasics;
			productName = codeTutorials_watchOS_timerBasics;
			productReference = C264B29A259D777200C6430B /* codeTutorials_watchOS_timerBasics.app */;
			productType = "com.apple.product-type.application.watchapp2-container";
		};
		C264B29D259D777200C6430B /* codeTutorials_watchOS_timerBasics WatchKit App */ = {
			isa = PBXNativeTarget;
			buildConfigurationList = C264B2C6259D777400C6430B /* Build configuration list for PBXNativeTarget "codeTutorials_watchOS_timerBasics WatchKit App" */;
			buildPhases = (
				C264B29C259D777200C6430B /* Resources */,
				C264B2C5259D777400C6430B /* Embed App Extensions */,
			);
			buildRules = (
			);
			dependencies = (
				C264B2AD259D777300C6430B /* PBXTargetDependency */,
			);
			name = "codeTutorials_watchOS_timerBasics WatchKit App";
			productName = "codeTutorials_watchOS_timerBasics WatchKit App";
			productReference = C264B29E259D777200C6430B /* codeTutorials_watchOS_timerBasics WatchKit App.app */;
			productType = "com.apple.product-type.application.watchapp2";
		};
		C264B2A9259D777300C6430B /* codeTutorials_watchOS_timerBasics WatchKit Extension */ = {
			isa = PBXNativeTarget;
			buildConfigurationList = C264B2C2259D777400C6430B /* Build configuration list for PBXNativeTarget "codeTutorials_watchOS_timerBasics WatchKit Extension" */;
			buildPhases = (
				C264B2A6259D777300C6430B /* Sources */,
				C264B2A7259D777300C6430B /* Frameworks */,
				C264B2A8259D777300C6430B /* Resources */,
			);
			buildRules = (
			);
			dependencies = (
			);
			name = "codeTutorials_watchOS_timerBasics WatchKit Extension";
			productName = "codeTutorials_watchOS_timerBasics WatchKit Extension";
			productReference = C264B2AA259D777300C6430B /* codeTutorials_watchOS_timerBasics WatchKit Extension.appex */;
			productType = "com.apple.product-type.watchkit2-extension";
		};
/* End PBXNativeTarget section */

/* Begin PBXProject section */
		C264B294259D777200C6430B /* Project object */ = {
			isa = PBXProject;
			attributes = {
				LastSwiftUpdateCheck = 1230;
				LastUpgradeCheck = 1230;
				TargetAttributes = {
					C264B299259D777200C6430B = {
						CreatedOnToolsVersion = 12.3;
					};
					C264B29D259D777200C6430B = {
						CreatedOnToolsVersion = 12.3;
					};
					C264B2A9259D777300C6430B = {
						CreatedOnToolsVersion = 12.3;
					};
				};
			};
			buildConfigurationList = C264B297259D777200C6430B /* Build configuration list for PBXProject "codeTutorials_watchOS_timerBasics" */;
			compatibilityVersion = "Xcode 9.3";
			developmentRegion = en;
			hasScannedForEncodings = 0;
			knownRegions = (
				en,
				Base,
			);
			mainGroup = C264B293259D777200C6430B;
			productRefGroup = C264B29B259D777200C6430B /* Products */;
			projectDirPath = "";
			projectRoot = "";
			targets = (
				C264B299259D777200C6430B /* codeTutorials_watchOS_timerBasics */,
				C264B29D259D777200C6430B /* codeTutorials_watchOS_timerBasics WatchKit App */,
				C264B2A9259D777300C6430B /* codeTutorials_watchOS_timerBasics WatchKit Extension */,
			);
		};
/* End PBXProject section */

/* Begin PBXResourcesBuildPhase section */
		C264B298259D777200C6430B /* Resources */ = {
			isa = PBXResourcesBuildPhase;
			buildActionMask = 2147483647;
			files = (
			);
			runOnlyForDeploymentPostprocessing = 0;
		};
		C264B29C259D777200C6430B /* Resources */ = {
			isa = PBXResourcesBuildPhase;
			buildActionMask = 2147483647;
			files = (
				C264B2A4259D777300C6430B /* Assets.xcassets in Resources */,
			);
			runOnlyForDeploymentPostprocessing = 0;
		};
		C264B2A8259D777300C6430B /* Resources */ = {
			isa = PBXResourcesBuildPhase;
			buildActionMask = 2147483647;
			files = (
				C264B2BD259D777400C6430B /* Preview Assets.xcassets in Resources */,
				C264B2BA259D777400C6430B /* Assets.xcassets in Resources */,
			);
			runOnlyForDeploymentPostprocessing = 0;
		};
/* End PBXResourcesBuildPhase section */

/* Begin PBXSourcesBuildPhase section */
		C264B2A6259D777300C6430B /* Sources */ = {
			isa = PBXSourcesBuildPhase;
			buildActionMask = 2147483647;
			files = (
				C264B2B4259D777300C6430B /* NotificationController.swift in Sources */,
				C264B2B2259D777300C6430B /* ContentView.swift in Sources */,
				C264B2B8259D777300C6430B /* ComplicationController.swift in Sources */,
				C264B2B0259D777300C6430B /* codeTutorials_watchOS_timerBasicsApp.swift in Sources */,
				C264B2B6259D777300C6430B /* NotificationView.swift in Sources */,
			);
			runOnlyForDeploymentPostprocessing = 0;
		};
/* End PBXSourcesBuildPhase section */

/* Begin PBXTargetDependency section */
		C264B2A1259D777200C6430B /* PBXTargetDependency */ = {
			isa = PBXTargetDependency;
			target = C264B29D259D777200C6430B /* codeTutorials_watchOS_timerBasics WatchKit App */;
			targetProxy = C264B2A0259D777200C6430B /* PBXContainerItemProxy */;
		};
		C264B2AD259D777300C6430B /* PBXTargetDependency */ = {
			isa = PBXTargetDependency;
			target = C264B2A9259D777300C6430B /* codeTutorials_watchOS_timerBasics WatchKit Extension */;
			targetProxy = C264B2AC259D777300C6430B /* PBXContainerItemProxy */;
		};
/* End PBXTargetDependency section */

/* Begin XCBuildConfiguration section */
		C264B2C0259D777400C6430B /* Debug */ = {
			isa = XCBuildConfiguration;
			buildSettings = {
				ALWAYS_SEARCH_USER_PATHS = NO;
				CLANG_ANALYZER_NONNULL = YES;
				CLANG_ANALYZER_NUMBER_OBJECT_CONVERSION = YES_AGGRESSIVE;
				CLANG_CXX_LANGUAGE_STANDARD = "gnu++14";
				CLANG_CXX_LIBRARY = "libc++";
				CLANG_ENABLE_MODULES = YES;
				CLANG_ENABLE_OBJC_ARC = YES;
				CLANG_ENABLE_OBJC_WEAK = YES;
				CLANG_WARN_BLOCK_CAPTURE_AUTORELEASING = YES;
				CLANG_WARN_BOOL_CONVERSION = YES;
				CLANG_WARN_COMMA = YES;
				CLANG_WARN_CONSTANT_CONVERSION = YES;
				CLANG_WARN_DEPRECATED_OBJC_IMPLEMENTATIONS = YES;
				CLANG_WARN_DIRECT_OBJC_ISA_USAGE = YES_ERROR;
				CLANG_WARN_DOCUMENTATION_COMMENTS = YES;
				CLANG_WARN_EMPTY_BODY = YES;
				CLANG_WARN_ENUM_CONVERSION = YES;
				CLANG_WARN_INFINITE_RECURSION = YES;
				CLANG_WARN_INT_CONVERSION = YES;
				CLANG_WARN_NON_LITERAL_NULL_CONVERSION = YES;
				CLANG_WARN_OBJC_IMPLICIT_RETAIN_SELF = YES;
				CLANG_WARN_OBJC_LITERAL_CONVERSION = YES;
				CLANG_WARN_OBJC_ROOT_CLASS = YES_ERROR;
				CLANG_WARN_QUOTED_INCLUDE_IN_FRAMEWORK_HEADER = YES;
				CLANG_WARN_RANGE_LOOP_ANALYSIS = YES;
				CLANG_WARN_STRICT_PROTOTYPES = YES;
				CLANG_WARN_SUSPICIOUS_MOVE = YES;
				CLANG_WARN_UNGUARDED_AVAILABILITY = YES_AGGRESSIVE;
				CLANG_WARN_UNREACHABLE_CODE = YES;
				CLANG_WARN__DUPLICATE_METHOD_MATCH = YES;
				COPY_PHASE_STRIP = NO;
				DEBUG_INFORMATION_FORMAT = dwarf;
				ENABLE_STRICT_OBJC_MSGSEND = YES;
				ENABLE_TESTABILITY = YES;
				GCC_C_LANGUAGE_STANDARD = gnu11;
				GCC_DYNAMIC_NO_PIC = NO;
				GCC_NO_COMMON_BLOCKS = YES;
				GCC_OPTIMIZATION_LEVEL = 0;
				GCC_PREPROCESSOR_DEFINITIONS = (
					"DEBUG=1",
					"$(inherited)",
				);
				GCC_WARN_64_TO_32_BIT_CONVERSION = YES;
				GCC_WARN_ABOUT_RETURN_TYPE = YES_ERROR;
				GCC_WARN_UNDECLARED_SELECTOR = YES;
				GCC_WARN_UNINITIALIZED_AUTOS = YES_AGGRESSIVE;
				GCC_WARN_UNUSED_FUNCTION = YES;
				GCC_WARN_UNUSED_VARIABLE = YES;
				MTL_ENABLE_DEBUG_INFO = INCLUDE_SOURCE;
				MTL_FAST_MATH = YES;
				ONLY_ACTIVE_ARCH = YES;
				SDKROOT = iphoneos;
				SWIFT_ACTIVE_COMPILATION_CONDITIONS = DEBUG;
				SWIFT_OPTIMIZATION_LEVEL = "-Onone";
			};
			name = Debug;
		};
		C264B2C1259D777400C6430B /* Release */ = {
			isa = XCBuildConfiguration;
			buildSettings = {
				ALWAYS_SEARCH_USER_PATHS = NO;
				CLANG_ANALYZER_NONNULL = YES;
				CLANG_ANALYZER_NUMBER_OBJECT_CONVERSION = YES_AGGRESSIVE;
				CLANG_CXX_LANGUAGE_STANDARD = "gnu++14";
				CLANG_CXX_LIBRARY = "libc++";
				CLANG_ENABLE_MODULES = YES;
				CLANG_ENABLE_OBJC_ARC = YES;
				CLANG_ENABLE_OBJC_WEAK = YES;
				CLANG_WARN_BLOCK_CAPTURE_AUTORELEASING = YES;
				CLANG_WARN_BOOL_CONVERSION = YES;
				CLANG_WARN_COMMA = YES;
				CLANG_WARN_CONSTANT_CONVERSION = YES;
				CLANG_WARN_DEPRECATED_OBJC_IMPLEMENTATIONS = YES;
				CLANG_WARN_DIRECT_OBJC_ISA_USAGE = YES_ERROR;
				CLANG_WARN_DOCUMENTATION_COMMENTS = YES;
				CLANG_WARN_EMPTY_BODY = YES;
				CLANG_WARN_ENUM_CONVERSION = YES;
				CLANG_WARN_INFINITE_RECURSION = YES;
				CLANG_WARN_INT_CONVERSION = YES;
				CLANG_WARN_NON_LITERAL_NULL_CONVERSION = YES;
				CLANG_WARN_OBJC_IMPLICIT_RETAIN_SELF = YES;
				CLANG_WARN_OBJC_LITERAL_CONVERSION = YES;
				CLANG_WARN_OBJC_ROOT_CLASS = YES_ERROR;
				CLANG_WARN_QUOTED_INCLUDE_IN_FRAMEWORK_HEADER = YES;
				CLANG_WARN_RANGE_LOOP_ANALYSIS = YES;
				CLANG_WARN_STRICT_PROTOTYPES = YES;
				CLANG_WARN_SUSPICIOUS_MOVE = YES;
				CLANG_WARN_UNGUARDED_AVAILABILITY = YES_AGGRESSIVE;
				CLANG_WARN_UNREACHABLE_CODE = YES;
				CLANG_WARN__DUPLICATE_METHOD_MATCH = YES;
				COPY_PHASE_STRIP = NO;
				DEBUG_INFORMATION_FORMAT = "dwarf-with-dsym";
				ENABLE_NS_ASSERTIONS = NO;
				ENABLE_STRICT_OBJC_MSGSEND = YES;
				GCC_C_LANGUAGE_STANDARD = gnu11;
				GCC_NO_COMMON_BLOCKS = YES;
				GCC_WARN_64_TO_32_BIT_CONVERSION = YES;
				GCC_WARN_ABOUT_RETURN_TYPE = YES_ERROR;
				GCC_WARN_UNDECLARED_SELECTOR = YES;
				GCC_WARN_UNINITIALIZED_AUTOS = YES_AGGRESSIVE;
				GCC_WARN_UNUSED_FUNCTION = YES;
				GCC_WARN_UNUSED_VARIABLE = YES;
				MTL_ENABLE_DEBUG_INFO = NO;
				MTL_FAST_MATH = YES;
				SDKROOT = iphoneos;
				SWIFT_COMPILATION_MODE = wholemodule;
				SWIFT_OPTIMIZATION_LEVEL = "-O";
				VALIDATE_PRODUCT = YES;
			};
			name = Release;
		};
		C264B2C3259D777400C6430B /* Debug */ = {
			isa = XCBuildConfiguration;
			buildSettings = {
				ASSETCATALOG_COMPILER_COMPLICATION_NAME = Complication;
				CODE_SIGN_STYLE = Automatic;
				DEVELOPMENT_ASSET_PATHS = "\"codeTutorials_watchOS_timerBasics WatchKit Extension/Preview Content\"";
				DEVELOPMENT_TEAM = 22M42HXQYR;
				ENABLE_PREVIEWS = YES;
				INFOPLIST_FILE = "codeTutorials_watchOS_timerBasics WatchKit Extension/Info.plist";
				LD_RUNPATH_SEARCH_PATHS = (
					"$(inherited)",
					"@executable_path/Frameworks",
					"@executable_path/../../Frameworks",
				);
				PRODUCT_BUNDLE_IDENTIFIER = "Ryuji-Ganaha.codeTutorials-watchOS-timerBasics.watchkitapp.watchkitextension";
				PRODUCT_NAME = "${TARGET_NAME}";
				SDKROOT = watchos;
				SKIP_INSTALL = YES;
				SWIFT_VERSION = 5.0;
				TARGETED_DEVICE_FAMILY = 4;
				WATCHOS_DEPLOYMENT_TARGET = 7.2;
			};
			name = Debug;
		};
		C264B2C4259D777400C6430B /* Release */ = {
			isa = XCBuildConfiguration;
			buildSettings = {
				ASSETCATALOG_COMPILER_COMPLICATION_NAME = Complication;
				CODE_SIGN_STYLE = Automatic;
				DEVELOPMENT_ASSET_PATHS = "\"codeTutorials_watchOS_timerBasics WatchKit Extension/Preview Content\"";
				DEVELOPMENT_TEAM = 22M42HXQYR;
				ENABLE_PREVIEWS = YES;
				INFOPLIST_FILE = "codeTutorials_watchOS_timerBasics WatchKit Extension/Info.plist";
				LD_RUNPATH_SEARCH_PATHS = (
					"$(inherited)",
					"@executable_path/Frameworks",
					"@executable_path/../../Frameworks",
				);
				PRODUCT_BUNDLE_IDENTIFIER = "Ryuji-Ganaha.codeTutorials-watchOS-timerBasics.watchkitapp.watchkitextension";
				PRODUCT_NAME = "${TARGET_NAME}";
				SDKROOT = watchos;
				SKIP_INSTALL = YES;
				SWIFT_VERSION = 5.0;
				TARGETED_DEVICE_FAMILY = 4;
				WATCHOS_DEPLOYMENT_TARGET = 7.2;
			};
			name = Release;
		};
		C264B2C7259D777400C6430B /* Debug */ = {
			isa = XCBuildConfiguration;
			buildSettings = {
				ALWAYS_EMBED_SWIFT_STANDARD_LIBRARIES = YES;
				ASSETCATALOG_COMPILER_APPICON_NAME = AppIcon;
				ASSETCATALOG_COMPILER_GLOBAL_ACCENT_COLOR_NAME = AccentColor;
				CODE_SIGN_STYLE = Automatic;
				DEVELOPMENT_TEAM = 22M42HXQYR;
				IBSC_MODULE = codeTutorials_watchOS_timerBasics_WatchKit_Extension;
				INFOPLIST_FILE = "codeTutorials_watchOS_timerBasics WatchKit App/Info.plist";
				PRODUCT_BUNDLE_IDENTIFIER = "Ryuji-Ganaha.codeTutorials-watchOS-timerBasics.watchkitapp";
				PRODUCT_NAME = "$(TARGET_NAME)";
				SDKROOT = watchos;
				SKIP_INSTALL = YES;
				SWIFT_VERSION = 5.0;
				TARGETED_DEVICE_FAMILY = 4;
				WATCHOS_DEPLOYMENT_TARGET = 7.2;
			};
			name = Debug;
		};
		C264B2C8259D777400C6430B /* Release */ = {
			isa = XCBuildConfiguration;
			buildSettings = {
				ALWAYS_EMBED_SWIFT_STANDARD_LIBRARIES = YES;
				ASSETCATALOG_COMPILER_APPICON_NAME = AppIcon;
				ASSETCATALOG_COMPILER_GLOBAL_ACCENT_COLOR_NAME = AccentColor;
				CODE_SIGN_STYLE = Automatic;
				DEVELOPMENT_TEAM = 22M42HXQYR;
				IBSC_MODULE = codeTutorials_watchOS_timerBasics_WatchKit_Extension;
				INFOPLIST_FILE = "codeTutorials_watchOS_timerBasics WatchKit App/Info.plist";
				PRODUCT_BUNDLE_IDENTIFIER = "Ryuji-Ganaha.codeTutorials-watchOS-timerBasics.watchkitapp";
				PRODUCT_NAME = "$(TARGET_NAME)";
				SDKROOT = watchos;
				SKIP_INSTALL = YES;
				SWIFT_VERSION = 5.0;
				TARGETED_DEVICE_FAMILY = 4;
				WATCHOS_DEPLOYMENT_TARGET = 7.2;
			};
			name = Release;
		};
		C264B2CB259D777400C6430B /* Debug */ = {
			isa = XCBuildConfiguration;
			buildSettings = {
				CODE_SIGN_STYLE = Automatic;
				CURRENT_PROJECT_VERSION = 1;
				DEVELOPMENT_TEAM = 22M42HXQYR;
				MARKETING_VERSION = 1.0;
				PRODUCT_BUNDLE_IDENTIFIER = "Ryuji-Ganaha.codeTutorials-watchOS-timerBasics";
				PRODUCT_NAME = "$(TARGET_NAME)";
				SWIFT_VERSION = 5.0;
			};
			name = Debug;
		};
		C264B2CC259D777400C6430B /* Release */ = {
			isa = XCBuildConfiguration;
			buildSettings = {
				CODE_SIGN_STYLE = Automatic;
				CURRENT_PROJECT_VERSION = 1;
				DEVELOPMENT_TEAM = 22M42HXQYR;
				MARKETING_VERSION = 1.0;
				PRODUCT_BUNDLE_IDENTIFIER = "Ryuji-Ganaha.codeTutorials-watchOS-timerBasics";
				PRODUCT_NAME = "$(TARGET_NAME)";
				SWIFT_VERSION = 5.0;
			};
			name = Release;
		};
/* End XCBuildConfiguration section */

/* Begin XCConfigurationList section */
		C264B297259D777200C6430B /* Build configuration list for PBXProject "codeTutorials_watchOS_timerBasics" */ = {
			isa = XCConfigurationList;
			buildConfigurations = (
				C264B2C0259D777400C6430B /* Debug */,
				C264B2C1259D777400C6430B /* Release */,
			);
			defaultConfigurationIsVisible = 0;
			defaultConfigurationName = Release;
		};
		C264B2C2259D777400C6430B /* Build configuration list for PBXNativeTarget "codeTutorials_watchOS_timerBasics WatchKit Extension" */ = {
			isa = XCConfigurationList;
			buildConfigurations = (
				C264B2C3259D777400C6430B /* Debug */,
				C264B2C4259D777400C6430B /* Release */,
			);
			defaultConfigurationIsVisible = 0;
			defaultConfigurationName = Release;
		};
		C264B2C6259D777400C6430B /* Build configuration list for PBXNativeTarget "codeTutorials_watchOS_timerBasics WatchKit App" */ = {
			isa = XCConfigurationList;
			buildConfigurations = (
				C264B2C7259D777400C6430B /* Debug */,
				C264B2C8259D777400C6430B /* Release */,
			);
			defaultConfigurationIsVisible = 0;
			defaultConfigurationName = Release;
		};
		C264B2CA259D777400C6430B /* Build configuration list for PBXNativeTarget "codeTutorials_watchOS_timerBasics" */ = {
			isa = XCConfigurationList;
			buildConfigurations = (
				C264B2CB259D777400C6430B /* Debug */,
				C264B2CC259D777400C6430B /* Release */,
			);
			defaultConfigurationIsVisible = 0;
			defaultConfigurationName = Release;
		};
/* End XCConfigurationList section */
	};
	rootObject = C264B294259D777200C6430B /* Project object */;
}
